// !$*UTF8*$!
{
	archiveVersion = 1;
	classes = {
	};
	objectVersion = 56;
	objects = {

/* Begin PBXBuildFile section */
		75EFD0D329CDC19400837EF1 /* GPTApp.swift in Sources */ = {isa = PBXBuildFile; fileRef = 75EFD0D229CDC19400837EF1 /* GPTApp.swift */; };
		75EFD0D529CDC19400837EF1 /* ChatGPTView.swift in Sources */ = {isa = PBXBuildFile; fileRef = 75EFD0D429CDC19400837EF1 /* ChatGPTView.swift */; };
		75EFD0D729CDC19600837EF1 /* Assets.xcassets in Resources */ = {isa = PBXBuildFile; fileRef = 75EFD0D629CDC19600837EF1 /* Assets.xcassets */; };
		75EFD0DB29CDC19600837EF1 /* Preview Assets.xcassets in Resources */ = {isa = PBXBuildFile; fileRef = 75EFD0DA29CDC19600837EF1 /* Preview Assets.xcassets */; };
		75EFD0EA29CE40FC00837EF1 /* ActivityIndicator.swift in Sources */ = {isa = PBXBuildFile; fileRef = 75EFD0E929CE40FC00837EF1 /* ActivityIndicator.swift */; };
		75EFD0EE29CE413100837EF1 /* Ext+Color.swift in Sources */ = {isa = PBXBuildFile; fileRef = 75EFD0ED29CE413100837EF1 /* Ext+Color.swift */; };
		75EFD0F029CE416100837EF1 /* ChatGPTViewModel.swift in Sources */ = {isa = PBXBuildFile; fileRef = 75EFD0EF29CE416100837EF1 /* ChatGPTViewModel.swift */; };
		75EFD0FC29CF0B4D00837EF1 /* ChatView.swift in Sources */ = {isa = PBXBuildFile; fileRef = 75EFD0FB29CF0B4D00837EF1 /* ChatView.swift */; };
		75EFD0FE29CF595400837EF1 /* GPTTabView.swift in Sources */ = {isa = PBXBuildFile; fileRef = 75EFD0FD29CF595400837EF1 /* GPTTabView.swift */; };
		75EFD10229CF5A0900837EF1 /* DallEView.swift in Sources */ = {isa = PBXBuildFile; fileRef = 75EFD10129CF5A0900837EF1 /* DallEView.swift */; };
		75EFD10429CF5D4F00837EF1 /* Ext+ChatMessage.swift in Sources */ = {isa = PBXBuildFile; fileRef = 75EFD10329CF5D4F00837EF1 /* Ext+ChatMessage.swift */; };
		75EFD10629D0442E00837EF1 /* OpenAIUseCase.swift in Sources */ = {isa = PBXBuildFile; fileRef = 75EFD10529D0442E00837EF1 /* OpenAIUseCase.swift */; };
		75EFD10C29D06EB400837EF1 /* OpenAISwift in Frameworks */ = {isa = PBXBuildFile; productRef = 75EFD10B29D06EB400837EF1 /* OpenAISwift */; };
		75EFD10E29D07C8100837EF1 /* DallEViewModel.swift in Sources */ = {isa = PBXBuildFile; fileRef = 75EFD10D29D07C8100837EF1 /* DallEViewModel.swift */; };
		75EFD11029D080A800837EF1 /* DallEImage.swift in Sources */ = {isa = PBXBuildFile; fileRef = 75EFD10F29D080A800837EF1 /* DallEImage.swift */; };
		75EFD11229D0842E00837EF1 /* PromptView.swift in Sources */ = {isa = PBXBuildFile; fileRef = 75EFD11129D0842E00837EF1 /* PromptView.swift */; };
/* End PBXBuildFile section */

/* Begin PBXFileReference section */
		75EFD0CF29CDC19400837EF1 /* GPT.app */ = {isa = PBXFileReference; explicitFileType = wrapper.application; includeInIndex = 0; path = GPT.app; sourceTree = BUILT_PRODUCTS_DIR; };
		75EFD0D229CDC19400837EF1 /* GPTApp.swift */ = {isa = PBXFileReference; lastKnownFileType = sourcecode.swift; path = GPTApp.swift; sourceTree = "<group>"; };
		75EFD0D429CDC19400837EF1 /* ChatGPTView.swift */ = {isa = PBXFileReference; lastKnownFileType = sourcecode.swift; path = ChatGPTView.swift; sourceTree = "<group>"; };
		75EFD0D629CDC19600837EF1 /* Assets.xcassets */ = {isa = PBXFileReference; lastKnownFileType = folder.assetcatalog; path = Assets.xcassets; sourceTree = "<group>"; };
		75EFD0D829CDC19600837EF1 /* GPT.entitlements */ = {isa = PBXFileReference; lastKnownFileType = text.plist.entitlements; path = GPT.entitlements; sourceTree = "<group>"; };
		75EFD0DA29CDC19600837EF1 /* Preview Assets.xcassets */ = {isa = PBXFileReference; lastKnownFileType = folder.assetcatalog; path = "Preview Assets.xcassets"; sourceTree = "<group>"; };
		75EFD0E629CDC8A400837EF1 /* Info.plist */ = {isa = PBXFileReference; lastKnownFileType = text.plist; path = Info.plist; sourceTree = "<group>"; };
		75EFD0E929CE40FC00837EF1 /* ActivityIndicator.swift */ = {isa = PBXFileReference; lastKnownFileType = sourcecode.swift; path = ActivityIndicator.swift; sourceTree = "<group>"; };
		75EFD0ED29CE413100837EF1 /* Ext+Color.swift */ = {isa = PBXFileReference; lastKnownFileType = sourcecode.swift; path = "Ext+Color.swift"; sourceTree = "<group>"; };
		75EFD0EF29CE416100837EF1 /* ChatGPTViewModel.swift */ = {isa = PBXFileReference; lastKnownFileType = sourcecode.swift; path = ChatGPTViewModel.swift; sourceTree = "<group>"; };
		75EFD0FB29CF0B4D00837EF1 /* ChatView.swift */ = {isa = PBXFileReference; lastKnownFileType = sourcecode.swift; path = ChatView.swift; sourceTree = "<group>"; };
		75EFD0FD29CF595400837EF1 /* GPTTabView.swift */ = {isa = PBXFileReference; lastKnownFileType = sourcecode.swift; path = GPTTabView.swift; sourceTree = "<group>"; };
		75EFD10129CF5A0900837EF1 /* DallEView.swift */ = {isa = PBXFileReference; lastKnownFileType = sourcecode.swift; path = DallEView.swift; sourceTree = "<group>"; };
		75EFD10329CF5D4F00837EF1 /* Ext+ChatMessage.swift */ = {isa = PBXFileReference; lastKnownFileType = sourcecode.swift; path = "Ext+ChatMessage.swift"; sourceTree = "<group>"; };
		75EFD10529D0442E00837EF1 /* OpenAIUseCase.swift */ = {isa = PBXFileReference; lastKnownFileType = sourcecode.swift; path = OpenAIUseCase.swift; sourceTree = "<group>"; };
		75EFD10D29D07C8100837EF1 /* DallEViewModel.swift */ = {isa = PBXFileReference; lastKnownFileType = sourcecode.swift; path = DallEViewModel.swift; sourceTree = "<group>"; };
		75EFD10F29D080A800837EF1 /* DallEImage.swift */ = {isa = PBXFileReference; lastKnownFileType = sourcecode.swift; path = DallEImage.swift; sourceTree = "<group>"; };
		75EFD11129D0842E00837EF1 /* PromptView.swift */ = {isa = PBXFileReference; lastKnownFileType = sourcecode.swift; path = PromptView.swift; sourceTree = "<group>"; };
/* End PBXFileReference section */

/* Begin PBXFrameworksBuildPhase section */
		75EFD0CC29CDC19400837EF1 /* Frameworks */ = {
			isa = PBXFrameworksBuildPhase;
			buildActionMask = 2147483647;
			files = (
				75EFD10C29D06EB400837EF1 /* OpenAISwift in Frameworks */,
			);
			runOnlyForDeploymentPostprocessing = 0;
		};
/* End PBXFrameworksBuildPhase section */

/* Begin PBXGroup section */
		75EFD0C629CDC19400837EF1 = {
			isa = PBXGroup;
			children = (
				75EFD0D129CDC19400837EF1 /* GPT */,
				75EFD0D029CDC19400837EF1 /* Products */,
			);
			sourceTree = "<group>";
		};
		75EFD0D029CDC19400837EF1 /* Products */ = {
			isa = PBXGroup;
			children = (
				75EFD0CF29CDC19400837EF1 /* GPT.app */,
			);
			name = Products;
			sourceTree = "<group>";
		};
		75EFD0D129CDC19400837EF1 /* GPT */ = {
			isa = PBXGroup;
			children = (
				75EFD0E629CDC8A400837EF1 /* Info.plist */,
				75EFD0D229CDC19400837EF1 /* GPTApp.swift */,
				75EFD0FD29CF595400837EF1 /* GPTTabView.swift */,
				75EFD10529D0442E00837EF1 /* OpenAIUseCase.swift */,
				75EFD0FF29CF599600837EF1 /* ChatGPT */,
				75EFD10029CF59DD00837EF1 /* DallE */,
				75EFD0EB29CE410D00837EF1 /* Views */,
				75EFD0EC29CE411600837EF1 /* Extensions */,
				75EFD0D629CDC19600837EF1 /* Assets.xcassets */,
				75EFD0D829CDC19600837EF1 /* GPT.entitlements */,
				75EFD0D929CDC19600837EF1 /* Preview Content */,
			);
			path = GPT;
			sourceTree = "<group>";
		};
		75EFD0D929CDC19600837EF1 /* Preview Content */ = {
			isa = PBXGroup;
			children = (
				75EFD0DA29CDC19600837EF1 /* Preview Assets.xcassets */,
			);
			path = "Preview Content";
			sourceTree = "<group>";
		};
		75EFD0EB29CE410D00837EF1 /* Views */ = {
			isa = PBXGroup;
			children = (
				75EFD0E929CE40FC00837EF1 /* ActivityIndicator.swift */,
				75EFD11129D0842E00837EF1 /* PromptView.swift */,
			);
			path = Views;
			sourceTree = "<group>";
		};
		75EFD0EC29CE411600837EF1 /* Extensions */ = {
			isa = PBXGroup;
			children = (
				75EFD0ED29CE413100837EF1 /* Ext+Color.swift */,
				75EFD10329CF5D4F00837EF1 /* Ext+ChatMessage.swift */,
			);
			path = Extensions;
			sourceTree = "<group>";
		};
		75EFD0FF29CF599600837EF1 /* ChatGPT */ = {
			isa = PBXGroup;
			children = (
				75EFD0D429CDC19400837EF1 /* ChatGPTView.swift */,
				75EFD0EF29CE416100837EF1 /* ChatGPTViewModel.swift */,
				75EFD0FB29CF0B4D00837EF1 /* ChatView.swift */,
			);
			path = ChatGPT;
			sourceTree = "<group>";
		};
		75EFD10029CF59DD00837EF1 /* DallE */ = {
			isa = PBXGroup;
			children = (
				75EFD10129CF5A0900837EF1 /* DallEView.swift */,
				75EFD10D29D07C8100837EF1 /* DallEViewModel.swift */,
				75EFD10F29D080A800837EF1 /* DallEImage.swift */,
			);
			path = DallE;
			sourceTree = "<group>";
		};
/* End PBXGroup section */

/* Begin PBXNativeTarget section */
		75EFD0CE29CDC19400837EF1 /* GPT */ = {
			isa = PBXNativeTarget;
			buildConfigurationList = 75EFD0DE29CDC19600837EF1 /* Build configuration list for PBXNativeTarget "GPT" */;
			buildPhases = (
				75EFD0CB29CDC19400837EF1 /* Sources */,
				75EFD0CC29CDC19400837EF1 /* Frameworks */,
				75EFD0CD29CDC19400837EF1 /* Resources */,
			);
			buildRules = (
			);
			dependencies = (
			);
			name = GPT;
			packageProductDependencies = (
				75EFD10B29D06EB400837EF1 /* OpenAISwift */,
			);
			productName = GPT;
			productReference = 75EFD0CF29CDC19400837EF1 /* GPT.app */;
			productType = "com.apple.product-type.application";
		};
/* End PBXNativeTarget section */

/* Begin PBXProject section */
		75EFD0C729CDC19400837EF1 /* Project object */ = {
			isa = PBXProject;
			attributes = {
				BuildIndependentTargetsInParallel = 1;
				LastSwiftUpdateCheck = 1420;
				LastUpgradeCheck = 1420;
				TargetAttributes = {
					75EFD0CE29CDC19400837EF1 = {
						CreatedOnToolsVersion = 14.2;
					};
				};
			};
			buildConfigurationList = 75EFD0CA29CDC19400837EF1 /* Build configuration list for PBXProject "GPT" */;
			compatibilityVersion = "Xcode 14.0";
			developmentRegion = en;
			hasScannedForEncodings = 0;
			knownRegions = (
				en,
				Base,
			);
			mainGroup = 75EFD0C629CDC19400837EF1;
			packageReferences = (
				75EFD10A29D06EB400837EF1 /* XCRemoteSwiftPackageReference "OpenAISwift" */,
			);
			productRefGroup = 75EFD0D029CDC19400837EF1 /* Products */;
			projectDirPath = "";
			projectRoot = "";
			targets = (
				75EFD0CE29CDC19400837EF1 /* GPT */,
			);
		};
/* End PBXProject section */

/* Begin PBXResourcesBuildPhase section */
		75EFD0CD29CDC19400837EF1 /* Resources */ = {
			isa = PBXResourcesBuildPhase;
			buildActionMask = 2147483647;
			files = (
				75EFD0DB29CDC19600837EF1 /* Preview Assets.xcassets in Resources */,
				75EFD0D729CDC19600837EF1 /* Assets.xcassets in Resources */,
			);
			runOnlyForDeploymentPostprocessing = 0;
		};
/* End PBXResourcesBuildPhase section */

/* Begin PBXSourcesBuildPhase section */
		75EFD0CB29CDC19400837EF1 /* Sources */ = {
			isa = PBXSourcesBuildPhase;
			buildActionMask = 2147483647;
			files = (
				75EFD0FE29CF595400837EF1 /* GPTTabView.swift in Sources */,
				75EFD0F029CE416100837EF1 /* ChatGPTViewModel.swift in Sources */,
				75EFD0D529CDC19400837EF1 /* ChatGPTView.swift in Sources */,
				75EFD10429CF5D4F00837EF1 /* Ext+ChatMessage.swift in Sources */,
				75EFD11029D080A800837EF1 /* DallEImage.swift in Sources */,
				75EFD0EA29CE40FC00837EF1 /* ActivityIndicator.swift in Sources */,
				75EFD0EE29CE413100837EF1 /* Ext+Color.swift in Sources */,
				75EFD0FC29CF0B4D00837EF1 /* ChatView.swift in Sources */,
				75EFD10E29D07C8100837EF1 /* DallEViewModel.swift in Sources */,
				75EFD0D329CDC19400837EF1 /* GPTApp.swift in Sources */,
				75EFD10229CF5A0900837EF1 /* DallEView.swift in Sources */,
				75EFD11229D0842E00837EF1 /* PromptView.swift in Sources */,
				75EFD10629D0442E00837EF1 /* OpenAIUseCase.swift in Sources */,
			);
			runOnlyForDeploymentPostprocessing = 0;
		};
/* End PBXSourcesBuildPhase section */

/* Begin XCBuildConfiguration section */
		75EFD0DC29CDC19600837EF1 /* Debug */ = {
			isa = XCBuildConfiguration;
			buildSettings = {
				ALWAYS_SEARCH_USER_PATHS = NO;
				CLANG_ANALYZER_NONNULL = YES;
				CLANG_ANALYZER_NUMBER_OBJECT_CONVERSION = YES_AGGRESSIVE;
				CLANG_CXX_LANGUAGE_STANDARD = "gnu++20";
				CLANG_ENABLE_MODULES = YES;
				CLANG_ENABLE_OBJC_ARC = YES;
				CLANG_ENABLE_OBJC_WEAK = YES;
				CLANG_WARN_BLOCK_CAPTURE_AUTORELEASING = YES;
				CLANG_WARN_BOOL_CONVERSION = YES;
				CLANG_WARN_COMMA = YES;
				CLANG_WARN_CONSTANT_CONVERSION = YES;
				CLANG_WARN_DEPRECATED_OBJC_IMPLEMENTATIONS = YES;
				CLANG_WARN_DIRECT_OBJC_ISA_USAGE = YES_ERROR;
				CLANG_WARN_DOCUMENTATION_COMMENTS = YES;
				CLANG_WARN_EMPTY_BODY = YES;
				CLANG_WARN_ENUM_CONVERSION = YES;
				CLANG_WARN_INFINITE_RECURSION = YES;
				CLANG_WARN_INT_CONVERSION = YES;
				CLANG_WARN_NON_LITERAL_NULL_CONVERSION = YES;
				CLANG_WARN_OBJC_IMPLICIT_RETAIN_SELF = YES;
				CLANG_WARN_OBJC_LITERAL_CONVERSION = YES;
				CLANG_WARN_OBJC_ROOT_CLASS = YES_ERROR;
				CLANG_WARN_QUOTED_INCLUDE_IN_FRAMEWORK_HEADER = YES;
				CLANG_WARN_RANGE_LOOP_ANALYSIS = YES;
				CLANG_WARN_STRICT_PROTOTYPES = YES;
				CLANG_WARN_SUSPICIOUS_MOVE = YES;
				CLANG_WARN_UNGUARDED_AVAILABILITY = YES_AGGRESSIVE;
				CLANG_WARN_UNREACHABLE_CODE = YES;
				CLANG_WARN__DUPLICATE_METHOD_MATCH = YES;
				COPY_PHASE_STRIP = NO;
				DEBUG_INFORMATION_FORMAT = dwarf;
				ENABLE_STRICT_OBJC_MSGSEND = YES;
				ENABLE_TESTABILITY = YES;
				GCC_C_LANGUAGE_STANDARD = gnu11;
				GCC_DYNAMIC_NO_PIC = NO;
				GCC_NO_COMMON_BLOCKS = YES;
				GCC_OPTIMIZATION_LEVEL = 0;
				GCC_PREPROCESSOR_DEFINITIONS = (
					"DEBUG=1",
					"$(inherited)",
				);
				GCC_WARN_64_TO_32_BIT_CONVERSION = YES;
				GCC_WARN_ABOUT_RETURN_TYPE = YES_ERROR;
				GCC_WARN_UNDECLARED_SELECTOR = YES;
				GCC_WARN_UNINITIALIZED_AUTOS = YES_AGGRESSIVE;
				GCC_WARN_UNUSED_FUNCTION = YES;
				GCC_WARN_UNUSED_VARIABLE = YES;
				IPHONEOS_DEPLOYMENT_TARGET = 16.0;
				MACOSX_DEPLOYMENT_TARGET = 13.0;
				MTL_ENABLE_DEBUG_INFO = INCLUDE_SOURCE;
				MTL_FAST_MATH = YES;
				ONLY_ACTIVE_ARCH = YES;
				SWIFT_ACTIVE_COMPILATION_CONDITIONS = DEBUG;
				SWIFT_OPTIMIZATION_LEVEL = "-Onone";
			};
			name = Debug;
		};
		75EFD0DD29CDC19600837EF1 /* Release */ = {
			isa = XCBuildConfiguration;
			buildSettings = {
				ALWAYS_SEARCH_USER_PATHS = NO;
				CLANG_ANALYZER_NONNULL = YES;
				CLANG_ANALYZER_NUMBER_OBJECT_CONVERSION = YES_AGGRESSIVE;
				CLANG_CXX_LANGUAGE_STANDARD = "gnu++20";
				CLANG_ENABLE_MODULES = YES;
				CLANG_ENABLE_OBJC_ARC = YES;
				CLANG_ENABLE_OBJC_WEAK = YES;
				CLANG_WARN_BLOCK_CAPTURE_AUTORELEASING = YES;
				CLANG_WARN_BOOL_CONVERSION = YES;
				CLANG_WARN_COMMA = YES;
				CLANG_WARN_CONSTANT_CONVERSION = YES;
				CLANG_WARN_DEPRECATED_OBJC_IMPLEMENTATIONS = YES;
				CLANG_WARN_DIRECT_OBJC_ISA_USAGE = YES_ERROR;
				CLANG_WARN_DOCUMENTATION_COMMENTS = YES;
				CLANG_WARN_EMPTY_BODY = YES;
				CLANG_WARN_ENUM_CONVERSION = YES;
				CLANG_WARN_INFINITE_RECURSION = YES;
				CLANG_WARN_INT_CONVERSION = YES;
				CLANG_WARN_NON_LITERAL_NULL_CONVERSION = YES;
				CLANG_WARN_OBJC_IMPLICIT_RETAIN_SELF = YES;
				CLANG_WARN_OBJC_LITERAL_CONVERSION = YES;
				CLANG_WARN_OBJC_ROOT_CLASS = YES_ERROR;
				CLANG_WARN_QUOTED_INCLUDE_IN_FRAMEWORK_HEADER = YES;
				CLANG_WARN_RANGE_LOOP_ANALYSIS = YES;
				CLANG_WARN_STRICT_PROTOTYPES = YES;
				CLANG_WARN_SUSPICIOUS_MOVE = YES;
				CLANG_WARN_UNGUARDED_AVAILABILITY = YES_AGGRESSIVE;
				CLANG_WARN_UNREACHABLE_CODE = YES;
				CLANG_WARN__DUPLICATE_METHOD_MATCH = YES;
				COPY_PHASE_STRIP = NO;
				DEBUG_INFORMATION_FORMAT = "dwarf-with-dsym";
				ENABLE_NS_ASSERTIONS = NO;
				ENABLE_STRICT_OBJC_MSGSEND = YES;
				GCC_C_LANGUAGE_STANDARD = gnu11;
				GCC_NO_COMMON_BLOCKS = YES;
				GCC_WARN_64_TO_32_BIT_CONVERSION = YES;
				GCC_WARN_ABOUT_RETURN_TYPE = YES_ERROR;
				GCC_WARN_UNDECLARED_SELECTOR = YES;
				GCC_WARN_UNINITIALIZED_AUTOS = YES_AGGRESSIVE;
				GCC_WARN_UNUSED_FUNCTION = YES;
				GCC_WARN_UNUSED_VARIABLE = YES;
				IPHONEOS_DEPLOYMENT_TARGET = 16.0;
				MACOSX_DEPLOYMENT_TARGET = 13.0;
				MTL_ENABLE_DEBUG_INFO = NO;
				MTL_FAST_MATH = YES;
				SWIFT_COMPILATION_MODE = wholemodule;
				SWIFT_OPTIMIZATION_LEVEL = "-O";
			};
			name = Release;
		};
		75EFD0DF29CDC19600837EF1 /* Debug */ = {
			isa = XCBuildConfiguration;
			buildSettings = {
				ASSETCATALOG_COMPILER_APPICON_NAME = AppIcon;
				ASSETCATALOG_COMPILER_GLOBAL_ACCENT_COLOR_NAME = AccentColor;
				CODE_SIGN_ENTITLEMENTS = GPT/GPT.entitlements;
				CODE_SIGN_STYLE = Automatic;
				CURRENT_PROJECT_VERSION = 1;
				DEVELOPMENT_ASSET_PATHS = "\"GPT/Preview Content\"";
				DEVELOPMENT_TEAM = 556JYUKVPG;
				ENABLE_HARDENED_RUNTIME = YES;
				ENABLE_PREVIEWS = YES;
				GENERATE_INFOPLIST_FILE = YES;
				INFOPLIST_FILE = GPT/Info.plist;
				INFOPLIST_KEY_CFBundleDisplayName = OpenAI;
				INFOPLIST_KEY_LSApplicationCategoryType = "public.app-category.education";
				"INFOPLIST_KEY_UIApplicationSceneManifest_Generation[sdk=iphoneos*]" = YES;
				"INFOPLIST_KEY_UIApplicationSceneManifest_Generation[sdk=iphonesimulator*]" = YES;
				"INFOPLIST_KEY_UIApplicationSupportsIndirectInputEvents[sdk=iphoneos*]" = YES;
				"INFOPLIST_KEY_UIApplicationSupportsIndirectInputEvents[sdk=iphonesimulator*]" = YES;
				"INFOPLIST_KEY_UILaunchScreen_Generation[sdk=iphoneos*]" = YES;
				"INFOPLIST_KEY_UILaunchScreen_Generation[sdk=iphonesimulator*]" = YES;
				"INFOPLIST_KEY_UIStatusBarStyle[sdk=iphoneos*]" = UIStatusBarStyleDefault;
				"INFOPLIST_KEY_UIStatusBarStyle[sdk=iphonesimulator*]" = UIStatusBarStyleDefault;
				INFOPLIST_KEY_UISupportedInterfaceOrientations = UIInterfaceOrientationPortrait;
				INFOPLIST_KEY_UISupportedInterfaceOrientations_iPad = "UIInterfaceOrientationLandscapeLeft UIInterfaceOrientationLandscapeRight UIInterfaceOrientationPortrait UIInterfaceOrientationPortraitUpsideDown";
				IPHONEOS_DEPLOYMENT_TARGET = 16.0;
				LD_RUNPATH_SEARCH_PATHS = "@executable_path/Frameworks";
				"LD_RUNPATH_SEARCH_PATHS[sdk=macosx*]" = "@executable_path/../Frameworks";
				MACOSX_DEPLOYMENT_TARGET = 13.0;
				MARKETING_VERSION = 1.0;
				PRODUCT_BUNDLE_IDENTIFIER = "com.catalin-palade.GPT";
				PRODUCT_NAME = "$(TARGET_NAME)";
				SDKROOT = auto;
				SUPPORTED_PLATFORMS = "iphoneos iphonesimulator macosx";
				SWIFT_EMIT_LOC_STRINGS = YES;
				SWIFT_VERSION = 5.0;
				TARGETED_DEVICE_FAMILY = "1,2";
			};
			name = Debug;
		};
		75EFD0E029CDC19600837EF1 /* Release */ = {
			isa = XCBuildConfiguration;
			buildSettings = {
				ASSETCATALOG_COMPILER_APPICON_NAME = AppIcon;
				ASSETCATALOG_COMPILER_GLOBAL_ACCENT_COLOR_NAME = AccentColor;
				CODE_SIGN_ENTITLEMENTS = GPT/GPT.entitlements;
				CODE_SIGN_STYLE = Automatic;
				CURRENT_PROJECT_VERSION = 1;
				DEVELOPMENT_ASSET_PATHS = "\"GPT/Preview Content\"";
				DEVELOPMENT_TEAM = 556JYUKVPG;
				ENABLE_HARDENED_RUNTIME = YES;
				ENABLE_PREVIEWS = YES;
				GENERATE_INFOPLIST_FILE = YES;
				INFOPLIST_FILE = GPT/Info.plist;
				INFOPLIST_KEY_CFBundleDisplayName = OpenAI;
				INFOPLIST_KEY_LSApplicationCategoryType = "public.app-category.education";
				"INFOPLIST_KEY_UIApplicationSceneManifest_Generation[sdk=iphoneos*]" = YES;
				"INFOPLIST_KEY_UIApplicationSceneManifest_Generation[sdk=iphonesimulator*]" = YES;
				"INFOPLIST_KEY_UIApplicationSupportsIndirectInputEvents[sdk=iphoneos*]" = YES;
				"INFOPLIST_KEY_UIApplicationSupportsIndirectInputEvents[sdk=iphonesimulator*]" = YES;
				"INFOPLIST_KEY_UILaunchScreen_Generation[sdk=iphoneos*]" = YES;
				"INFOPLIST_KEY_UILaunchScreen_Generation[sdk=iphonesimulator*]" = YES;
				"INFOPLIST_KEY_UIStatusBarStyle[sdk=iphoneos*]" = UIStatusBarStyleDefault;
				"INFOPLIST_KEY_UIStatusBarStyle[sdk=iphonesimulator*]" = UIStatusBarStyleDefault;
				INFOPLIST_KEY_UISupportedInterfaceOrientations = UIInterfaceOrientationPortrait;
				INFOPLIST_KEY_UISupportedInterfaceOrientations_iPad = "UIInterfaceOrientationLandscapeLeft UIInterfaceOrientationLandscapeRight UIInterfaceOrientationPortrait UIInterfaceOrientationPortraitUpsideDown";
				IPHONEOS_DEPLOYMENT_TARGET = 16.0;
				LD_RUNPATH_SEARCH_PATHS = "@executable_path/Frameworks";
				"LD_RUNPATH_SEARCH_PATHS[sdk=macosx*]" = "@executable_path/../Frameworks";
				MACOSX_DEPLOYMENT_TARGET = 13.0;
				MARKETING_VERSION = 1.0;
				PRODUCT_BUNDLE_IDENTIFIER = "com.catalin-palade.GPT";
				PRODUCT_NAME = "$(TARGET_NAME)";
				SDKROOT = auto;
				SUPPORTED_PLATFORMS = "iphoneos iphonesimulator macosx";
				SWIFT_EMIT_LOC_STRINGS = YES;
				SWIFT_VERSION = 5.0;
				TARGETED_DEVICE_FAMILY = "1,2";
			};
			name = Release;
		};
/* End XCBuildConfiguration section */

/* Begin XCConfigurationList section */
		75EFD0CA29CDC19400837EF1 /* Build configuration list for PBXProject "GPT" */ = {
			isa = XCConfigurationList;
			buildConfigurations = (
				75EFD0DC29CDC19600837EF1 /* Debug */,
				75EFD0DD29CDC19600837EF1 /* Release */,
			);
			defaultConfigurationIsVisible = 0;
			defaultConfigurationName = Release;
		};
		75EFD0DE29CDC19600837EF1 /* Build configuration list for PBXNativeTarget "GPT" */ = {
			isa = XCConfigurationList;
			buildConfigurations = (
				75EFD0DF29CDC19600837EF1 /* Debug */,
				75EFD0E029CDC19600837EF1 /* Release */,
			);
			defaultConfigurationIsVisible = 0;
			defaultConfigurationName = Release;
		};
/* End XCConfigurationList section */

/* Begin XCRemoteSwiftPackageReference section */
		75EFD10A29D06EB400837EF1 /* XCRemoteSwiftPackageReference "OpenAISwift" */ = {
			isa = XCRemoteSwiftPackageReference;
			repositoryURL = "https://github.com/adamrushy/OpenAISwift.git";
			requirement = {
				branch = main;
				kind = branch;
			};
		};
/* End XCRemoteSwiftPackageReference section */

/* Begin XCSwiftPackageProductDependency section */
		75EFD10B29D06EB400837EF1 /* OpenAISwift */ = {
			isa = XCSwiftPackageProductDependency;
			package = 75EFD10A29D06EB400837EF1 /* XCRemoteSwiftPackageReference "OpenAISwift" */;
			productName = OpenAISwift;
		};
/* End XCSwiftPackageProductDependency section */
	};
	rootObject = 75EFD0C729CDC19400837EF1 /* Project object */;
}
