{
  "pins" : [
    {
      "identity" : "openaiswift",
      "kind" : "remoteSourceControl",
      "location" : "https://github.com/adamrushy/OpenAISwift.git",
      "state" : {
        "branch" : "main",
        "revision" : "d0d791878bb0bc10795d5b19c078e8df0d60aeb5"
      }
    }
  ],
  "version" : 2
}
